
Microsoft Visual Studio Solution File, Format Version 12.00
# Visual Studio Version 16
VisualStudioVersion = 16.0.30804.86
MinimumVisualStudioVersion = 10.0.40219.1
Project("{FAE04EC0-301F-11D3-BF4B-00C04F79EFBC}") = "Uri 1012", "Uri 1012\Uri 1012.csproj", "{ACD2A682-894C-471F-A5FF-C3912FFB16D6}"
EndProject
Global
	GlobalSection(SolutionConfigurationPlatforms) = preSolution
		Debug|Any CPU = Debug|Any CPU
		Release|Any CPU = Release|Any CPU
	EndGlobalSection
	GlobalSection(ProjectConfigurationPlatforms) = postSolution
		{ACD2A682-894C-471F-A5FF-C3912FFB16D6}.Debug|Any CPU.ActiveCfg = Debug|Any CPU
		{ACD2A682-894C-471F-A5FF-C3912FFB16D6}.Debug|Any CPU.Build.0 = Debug|Any CPU
		{ACD2A682-894C-471F-A5FF-C3912FFB16D6}.Release|Any CPU.ActiveCfg = Release|Any CPU
		{ACD2A682-894C-471F-A5FF-C3912FFB16D6}.Release|Any CPU.Build.0 = Release|Any CPU
	EndGlobalSection
	GlobalSection(SolutionProperties) = preSolution
		HideSolutionNode = FALSE
	EndGlobalSection
	GlobalSection(ExtensibilityGlobals) = postSolution
		SolutionGuid = {4B808757-C338-4784-921D-47570185157C}
	EndGlobalSection
EndGlobal
